// !$*UTF8*$!
{
	archiveVersion = 1;
	classes = {
	};
	objectVersion = 52;
	objects = {

/* Begin PBXBuildFile section */
		EF039245259B72B7004B920C /* ProspectsView.swift in Sources */ = {isa = PBXBuildFile; fileRef = EF039244259B72B7004B920C /* ProspectsView.swift */; };
		EF039247259B72C8004B920C /* MeView.swift in Sources */ = {isa = PBXBuildFile; fileRef = EF039246259B72C8004B920C /* MeView.swift */; };
		EF039249259BBFA2004B920C /* Prospect.swift in Sources */ = {isa = PBXBuildFile; fileRef = EF039248259BBFA2004B920C /* Prospect.swift */; };
		EF03924C259BD4F7004B920C /* CodeScanner in Frameworks */ = {isa = PBXBuildFile; productRef = EF03924B259BD4F7004B920C /* CodeScanner */; };
		EF76AA602596775300BE3621 /* AppDelegate.swift in Sources */ = {isa = PBXBuildFile; fileRef = EF76AA5F2596775300BE3621 /* AppDelegate.swift */; };
		EF76AA622596775300BE3621 /* SceneDelegate.swift in Sources */ = {isa = PBXBuildFile; fileRef = EF76AA612596775300BE3621 /* SceneDelegate.swift */; };
		EF76AA642596775300BE3621 /* ContentView.swift in Sources */ = {isa = PBXBuildFile; fileRef = EF76AA632596775300BE3621 /* ContentView.swift */; };
		EF76AA662596775800BE3621 /* Assets.xcassets in Resources */ = {isa = PBXBuildFile; fileRef = EF76AA652596775800BE3621 /* Assets.xcassets */; };
		EF76AA692596775800BE3621 /* Preview Assets.xcassets in Resources */ = {isa = PBXBuildFile; fileRef = EF76AA682596775800BE3621 /* Preview Assets.xcassets */; };
		EF76AA6C2596775800BE3621 /* LaunchScreen.storyboard in Resources */ = {isa = PBXBuildFile; fileRef = EF76AA6A2596775800BE3621 /* LaunchScreen.storyboard */; };
		EFEA39BF259A824B0027B188 /* SamplePackage in Frameworks */ = {isa = PBXBuildFile; productRef = EFEA39BE259A824B0027B188 /* SamplePackage */; };
/* End PBXBuildFile section */

/* Begin PBXFileReference section */
		EF039244259B72B7004B920C /* ProspectsView.swift */ = {isa = PBXFileReference; lastKnownFileType = sourcecode.swift; path = ProspectsView.swift; sourceTree = "<group>"; };
		EF039246259B72C8004B920C /* MeView.swift */ = {isa = PBXFileReference; lastKnownFileType = sourcecode.swift; path = MeView.swift; sourceTree = "<group>"; };
		EF039248259BBFA2004B920C /* Prospect.swift */ = {isa = PBXFileReference; lastKnownFileType = sourcecode.swift; path = Prospect.swift; sourceTree = "<group>"; };
		EF76AA5C2596775300BE3621 /* HotProspects.app */ = {isa = PBXFileReference; explicitFileType = wrapper.application; includeInIndex = 0; path = HotProspects.app; sourceTree = BUILT_PRODUCTS_DIR; };
		EF76AA5F2596775300BE3621 /* AppDelegate.swift */ = {isa = PBXFileReference; lastKnownFileType = sourcecode.swift; path = AppDelegate.swift; sourceTree = "<group>"; };
		EF76AA612596775300BE3621 /* SceneDelegate.swift */ = {isa = PBXFileReference; lastKnownFileType = sourcecode.swift; path = SceneDelegate.swift; sourceTree = "<group>"; };
		EF76AA632596775300BE3621 /* ContentView.swift */ = {isa = PBXFileReference; lastKnownFileType = sourcecode.swift; path = ContentView.swift; sourceTree = "<group>"; };
		EF76AA652596775800BE3621 /* Assets.xcassets */ = {isa = PBXFileReference; lastKnownFileType = folder.assetcatalog; path = Assets.xcassets; sourceTree = "<group>"; };
		EF76AA682596775800BE3621 /* Preview Assets.xcassets */ = {isa = PBXFileReference; lastKnownFileType = folder.assetcatalog; path = "Preview Assets.xcassets"; sourceTree = "<group>"; };
		EF76AA6B2596775800BE3621 /* Base */ = {isa = PBXFileReference; lastKnownFileType = file.storyboard; name = Base; path = Base.lproj/LaunchScreen.storyboard; sourceTree = "<group>"; };
		EF76AA6D2596775800BE3621 /* Info.plist */ = {isa = PBXFileReference; lastKnownFileType = text.plist.xml; path = Info.plist; sourceTree = "<group>"; };
/* End PBXFileReference section */

/* Begin PBXFrameworksBuildPhase section */
		EF76AA592596775300BE3621 /* Frameworks */ = {
			isa = PBXFrameworksBuildPhase;
			buildActionMask = 2147483647;
			files = (
				EF03924C259BD4F7004B920C /* CodeScanner in Frameworks */,
				EFEA39BF259A824B0027B188 /* SamplePackage in Frameworks */,
			);
			runOnlyForDeploymentPostprocessing = 0;
		};
/* End PBXFrameworksBuildPhase section */

/* Begin PBXGroup section */
		EF76AA532596775300BE3621 = {
			isa = PBXGroup;
			children = (
				EF76AA5E2596775300BE3621 /* HotProspects */,
				EF76AA5D2596775300BE3621 /* Products */,
			);
			sourceTree = "<group>";
		};
		EF76AA5D2596775300BE3621 /* Products */ = {
			isa = PBXGroup;
			children = (
				EF76AA5C2596775300BE3621 /* HotProspects.app */,
			);
			name = Products;
			sourceTree = "<group>";
		};
		EF76AA5E2596775300BE3621 /* HotProspects */ = {
			isa = PBXGroup;
			children = (
				EF76AA5F2596775300BE3621 /* AppDelegate.swift */,
				EF76AA612596775300BE3621 /* SceneDelegate.swift */,
				EF76AA632596775300BE3621 /* ContentView.swift */,
				EF039248259BBFA2004B920C /* Prospect.swift */,
				EF039244259B72B7004B920C /* ProspectsView.swift */,
				EF039246259B72C8004B920C /* MeView.swift */,
				EF76AA652596775800BE3621 /* Assets.xcassets */,
				EF76AA6A2596775800BE3621 /* LaunchScreen.storyboard */,
				EF76AA6D2596775800BE3621 /* Info.plist */,
				EF76AA672596775800BE3621 /* Preview Content */,
			);
			path = HotProspects;
			sourceTree = "<group>";
		};
		EF76AA672596775800BE3621 /* Preview Content */ = {
			isa = PBXGroup;
			children = (
				EF76AA682596775800BE3621 /* Preview Assets.xcassets */,
			);
			path = "Preview Content";
			sourceTree = "<group>";
		};
/* End PBXGroup section */

/* Begin PBXNativeTarget section */
		EF76AA5B2596775300BE3621 /* HotProspects */ = {
			isa = PBXNativeTarget;
			buildConfigurationList = EF76AA702596775800BE3621 /* Build configuration list for PBXNativeTarget "HotProspects" */;
			buildPhases = (
				EF76AA582596775300BE3621 /* Sources */,
				EF76AA592596775300BE3621 /* Frameworks */,
				EF76AA5A2596775300BE3621 /* Resources */,
			);
			buildRules = (
			);
			dependencies = (
			);
			name = HotProspects;
			packageProductDependencies = (
				EFEA39BE259A824B0027B188 /* SamplePackage */,
				EF03924B259BD4F7004B920C /* CodeScanner */,
			);
			productName = HotProspects;
			productReference = EF76AA5C2596775300BE3621 /* HotProspects.app */;
			productType = "com.apple.product-type.application";
		};
/* End PBXNativeTarget section */

/* Begin PBXProject section */
		EF76AA542596775300BE3621 /* Project object */ = {
			isa = PBXProject;
			attributes = {
				LastSwiftUpdateCheck = 1160;
				LastUpgradeCheck = 1160;
				ORGANIZATIONNAME = "Zaid Raza";
				TargetAttributes = {
					EF76AA5B2596775300BE3621 = {
						CreatedOnToolsVersion = 11.6;
					};
				};
			};
			buildConfigurationList = EF76AA572596775300BE3621 /* Build configuration list for PBXProject "HotProspects" */;
			compatibilityVersion = "Xcode 9.3";
			developmentRegion = en;
			hasScannedForEncodings = 0;
			knownRegions = (
				en,
				Base,
			);
			mainGroup = EF76AA532596775300BE3621;
			packageReferences = (
				EFEA39BD259A824B0027B188 /* XCRemoteSwiftPackageReference "SamplePackage" */,
				EF03924A259BD4F7004B920C /* XCRemoteSwiftPackageReference "CodeScanner" */,
			);
			productRefGroup = EF76AA5D2596775300BE3621 /* Products */;
			projectDirPath = "";
			projectRoot = "";
			targets = (
				EF76AA5B2596775300BE3621 /* HotProspects */,
			);
		};
/* End PBXProject section */

/* Begin PBXResourcesBuildPhase section */
		EF76AA5A2596775300BE3621 /* Resources */ = {
			isa = PBXResourcesBuildPhase;
			buildActionMask = 2147483647;
			files = (
				EF76AA6C2596775800BE3621 /* LaunchScreen.storyboard in Resources */,
				EF76AA692596775800BE3621 /* Preview Assets.xcassets in Resources */,
				EF76AA662596775800BE3621 /* Assets.xcassets in Resources */,
			);
			runOnlyForDeploymentPostprocessing = 0;
		};
/* End PBXResourcesBuildPhase section */

/* Begin PBXSourcesBuildPhase section */
		EF76AA582596775300BE3621 /* Sources */ = {
			isa = PBXSourcesBuildPhase;
			buildActionMask = 2147483647;
			files = (
				EF039245259B72B7004B920C /* ProspectsView.swift in Sources */,
				EF039249259BBFA2004B920C /* Prospect.swift in Sources */,
				EF76AA602596775300BE3621 /* AppDelegate.swift in Sources */,
				EF76AA622596775300BE3621 /* SceneDelegate.swift in Sources */,
				EF76AA642596775300BE3621 /* ContentView.swift in Sources */,
				EF039247259B72C8004B920C /* MeView.swift in Sources */,
			);
			runOnlyForDeploymentPostprocessing = 0;
		};
/* End PBXSourcesBuildPhase section */

/* Begin PBXVariantGroup section */
		EF76AA6A2596775800BE3621 /* LaunchScreen.storyboard */ = {
			isa = PBXVariantGroup;
			children = (
				EF76AA6B2596775800BE3621 /* Base */,
			);
			name = LaunchScreen.storyboard;
			sourceTree = "<group>";
		};
/* End PBXVariantGroup section */

/* Begin XCBuildConfiguration section */
		EF76AA6E2596775800BE3621 /* Debug */ = {
			isa = XCBuildConfiguration;
			buildSettings = {
				ALWAYS_SEARCH_USER_PATHS = NO;
				CLANG_ANALYZER_NONNULL = YES;
				CLANG_ANALYZER_NUMBER_OBJECT_CONVERSION = YES_AGGRESSIVE;
				CLANG_CXX_LANGUAGE_STANDARD = "gnu++14";
				CLANG_CXX_LIBRARY = "libc++";
				CLANG_ENABLE_MODULES = YES;
				CLANG_ENABLE_OBJC_ARC = YES;
				CLANG_ENABLE_OBJC_WEAK = YES;
				CLANG_WARN_BLOCK_CAPTURE_AUTORELEASING = YES;
				CLANG_WARN_BOOL_CONVERSION = YES;
				CLANG_WARN_COMMA = YES;
				CLANG_WARN_CONSTANT_CONVERSION = YES;
				CLANG_WARN_DEPRECATED_OBJC_IMPLEMENTATIONS = YES;
				CLANG_WARN_DIRECT_OBJC_ISA_USAGE = YES_ERROR;
				CLANG_WARN_DOCUMENTATION_COMMENTS = YES;
				CLANG_WARN_EMPTY_BODY = YES;
				CLANG_WARN_ENUM_CONVERSION = YES;
				CLANG_WARN_INFINITE_RECURSION = YES;
				CLANG_WARN_INT_CONVERSION = YES;
				CLANG_WARN_NON_LITERAL_NULL_CONVERSION = YES;
				CLANG_WARN_OBJC_IMPLICIT_RETAIN_SELF = YES;
				CLANG_WARN_OBJC_LITERAL_CONVERSION = YES;
				CLANG_WARN_OBJC_ROOT_CLASS = YES_ERROR;
				CLANG_WARN_RANGE_LOOP_ANALYSIS = YES;
				CLANG_WARN_STRICT_PROTOTYPES = YES;
				CLANG_WARN_SUSPICIOUS_MOVE = YES;
				CLANG_WARN_UNGUARDED_AVAILABILITY = YES_AGGRESSIVE;
				CLANG_WARN_UNREACHABLE_CODE = YES;
				CLANG_WARN__DUPLICATE_METHOD_MATCH = YES;
				COPY_PHASE_STRIP = NO;
				DEBUG_INFORMATION_FORMAT = dwarf;
				ENABLE_STRICT_OBJC_MSGSEND = YES;
				ENABLE_TESTABILITY = YES;
				GCC_C_LANGUAGE_STANDARD = gnu11;
				GCC_DYNAMIC_NO_PIC = NO;
				GCC_NO_COMMON_BLOCKS = YES;
				GCC_OPTIMIZATION_LEVEL = 0;
				GCC_PREPROCESSOR_DEFINITIONS = (
					"DEBUG=1",
					"$(inherited)",
				);
				GCC_WARN_64_TO_32_BIT_CONVERSION = YES;
				GCC_WARN_ABOUT_RETURN_TYPE = YES_ERROR;
				GCC_WARN_UNDECLARED_SELECTOR = YES;
				GCC_WARN_UNINITIALIZED_AUTOS = YES_AGGRESSIVE;
				GCC_WARN_UNUSED_FUNCTION = YES;
				GCC_WARN_UNUSED_VARIABLE = YES;
				IPHONEOS_DEPLOYMENT_TARGET = 13.6;
				MTL_ENABLE_DEBUG_INFO = INCLUDE_SOURCE;
				MTL_FAST_MATH = YES;
				ONLY_ACTIVE_ARCH = YES;
				SDKROOT = iphoneos;
				SWIFT_ACTIVE_COMPILATION_CONDITIONS = DEBUG;
				SWIFT_OPTIMIZATION_LEVEL = "-Onone";
			};
			name = Debug;
		};
		EF76AA6F2596775800BE3621 /* Release */ = {
			isa = XCBuildConfiguration;
			buildSettings = {
				ALWAYS_SEARCH_USER_PATHS = NO;
				CLANG_ANALYZER_NONNULL = YES;
				CLANG_ANALYZER_NUMBER_OBJECT_CONVERSION = YES_AGGRESSIVE;
				CLANG_CXX_LANGUAGE_STANDARD = "gnu++14";
				CLANG_CXX_LIBRARY = "libc++";
				CLANG_ENABLE_MODULES = YES;
				CLANG_ENABLE_OBJC_ARC = YES;
				CLANG_ENABLE_OBJC_WEAK = YES;
				CLANG_WARN_BLOCK_CAPTURE_AUTORELEASING = YES;
				CLANG_WARN_BOOL_CONVERSION = YES;
				CLANG_WARN_COMMA = YES;
				CLANG_WARN_CONSTANT_CONVERSION = YES;
				CLANG_WARN_DEPRECATED_OBJC_IMPLEMENTATIONS = YES;
				CLANG_WARN_DIRECT_OBJC_ISA_USAGE = YES_ERROR;
				CLANG_WARN_DOCUMENTATION_COMMENTS = YES;
				CLANG_WARN_EMPTY_BODY = YES;
				CLANG_WARN_ENUM_CONVERSION = YES;
				CLANG_WARN_INFINITE_RECURSION = YES;
				CLANG_WARN_INT_CONVERSION = YES;
				CLANG_WARN_NON_LITERAL_NULL_CONVERSION = YES;
				CLANG_WARN_OBJC_IMPLICIT_RETAIN_SELF = YES;
				CLANG_WARN_OBJC_LITERAL_CONVERSION = YES;
				CLANG_WARN_OBJC_ROOT_CLASS = YES_ERROR;
				CLANG_WARN_RANGE_LOOP_ANALYSIS = YES;
				CLANG_WARN_STRICT_PROTOTYPES = YES;
				CLANG_WARN_SUSPICIOUS_MOVE = YES;
				CLANG_WARN_UNGUARDED_AVAILABILITY = YES_AGGRESSIVE;
				CLANG_WARN_UNREACHABLE_CODE = YES;
				CLANG_WARN__DUPLICATE_METHOD_MATCH = YES;
				COPY_PHASE_STRIP = NO;
				DEBUG_INFORMATION_FORMAT = "dwarf-with-dsym";
				ENABLE_NS_ASSERTIONS = NO;
				ENABLE_STRICT_OBJC_MSGSEND = YES;
				GCC_C_LANGUAGE_STANDARD = gnu11;
				GCC_NO_COMMON_BLOCKS = YES;
				GCC_WARN_64_TO_32_BIT_CONVERSION = YES;
				GCC_WARN_ABOUT_RETURN_TYPE = YES_ERROR;
				GCC_WARN_UNDECLARED_SELECTOR = YES;
				GCC_WARN_UNINITIALIZED_AUTOS = YES_AGGRESSIVE;
				GCC_WARN_UNUSED_FUNCTION = YES;
				GCC_WARN_UNUSED_VARIABLE = YES;
				IPHONEOS_DEPLOYMENT_TARGET = 13.6;
				MTL_ENABLE_DEBUG_INFO = NO;
				MTL_FAST_MATH = YES;
				SDKROOT = iphoneos;
				SWIFT_COMPILATION_MODE = wholemodule;
				SWIFT_OPTIMIZATION_LEVEL = "-O";
				VALIDATE_PRODUCT = YES;
			};
			name = Release;
		};
		EF76AA712596775800BE3621 /* Debug */ = {
			isa = XCBuildConfiguration;
			buildSettings = {
				ASSETCATALOG_COMPILER_APPICON_NAME = AppIcon;
				CODE_SIGN_STYLE = Automatic;
				DEVELOPMENT_ASSET_PATHS = "\"HotProspects/Preview Content\"";
				DEVELOPMENT_TEAM = D44QF9Q68Q;
				ENABLE_PREVIEWS = YES;
				INFOPLIST_FILE = HotProspects/Info.plist;
				LD_RUNPATH_SEARCH_PATHS = (
					"$(inherited)",
					"@executable_path/Frameworks",
				);
				PRODUCT_BUNDLE_IDENTIFIER = com.zaid.HotProspects;
				PRODUCT_NAME = "$(TARGET_NAME)";
				SWIFT_VERSION = 5.0;
				TARGETED_DEVICE_FAMILY = "1,2";
			};
			name = Debug;
		};
		EF76AA722596775800BE3621 /* Release */ = {
			isa = XCBuildConfiguration;
			buildSettings = {
				ASSETCATALOG_COMPILER_APPICON_NAME = AppIcon;
				CODE_SIGN_STYLE = Automatic;
				DEVELOPMENT_ASSET_PATHS = "\"HotProspects/Preview Content\"";
				DEVELOPMENT_TEAM = D44QF9Q68Q;
				ENABLE_PREVIEWS = YES;
				INFOPLIST_FILE = HotProspects/Info.plist;
				LD_RUNPATH_SEARCH_PATHS = (
					"$(inherited)",
					"@executable_path/Frameworks",
				);
				PRODUCT_BUNDLE_IDENTIFIER = com.zaid.HotProspects;
				PRODUCT_NAME = "$(TARGET_NAME)";
				SWIFT_VERSION = 5.0;
				TARGETED_DEVICE_FAMILY = "1,2";
			};
			name = Release;
		};
/* End XCBuildConfiguration section */

/* Begin XCConfigurationList section */
		EF76AA572596775300BE3621 /* Build configuration list for PBXProject "HotProspects" */ = {
			isa = XCConfigurationList;
			buildConfigurations = (
				EF76AA6E2596775800BE3621 /* Debug */,
				EF76AA6F2596775800BE3621 /* Release */,
			);
			defaultConfigurationIsVisible = 0;
			defaultConfigurationName = Release;
		};
		EF76AA702596775800BE3621 /* Build configuration list for PBXNativeTarget "HotProspects" */ = {
			isa = XCConfigurationList;
			buildConfigurations = (
				EF76AA712596775800BE3621 /* Debug */,
				EF76AA722596775800BE3621 /* Release */,
			);
			defaultConfigurationIsVisible = 0;
			defaultConfigurationName = Release;
		};
/* End XCConfigurationList section */

/* Begin XCRemoteSwiftPackageReference section */
		EF03924A259BD4F7004B920C /* XCRemoteSwiftPackageReference "CodeScanner" */ = {
			isa = XCRemoteSwiftPackageReference;
			repositoryURL = "https://github.com/twostraws/CodeScanner";
			requirement = {
				kind = upToNextMajorVersion;
				minimumVersion = 1.0.7;
			};
		};
		EFEA39BD259A824B0027B188 /* XCRemoteSwiftPackageReference "SamplePackage" */ = {
			isa = XCRemoteSwiftPackageReference;
			repositoryURL = "https://github.com/twostraws/SamplePackage";
			requirement = {
				kind = upToNextMajorVersion;
				minimumVersion = 1.0.0;
			};
		};
/* End XCRemoteSwiftPackageReference section */

/* Begin XCSwiftPackageProductDependency section */
		EF03924B259BD4F7004B920C /* CodeScanner */ = {
			isa = XCSwiftPackageProductDependency;
			package = EF03924A259BD4F7004B920C /* XCRemoteSwiftPackageReference "CodeScanner" */;
			productName = CodeScanner;
		};
		EFEA39BE259A824B0027B188 /* SamplePackage */ = {
			isa = XCSwiftPackageProductDependency;
			package = EFEA39BD259A824B0027B188 /* XCRemoteSwiftPackageReference "SamplePackage" */;
			productName = SamplePackage;
		};
/* End XCSwiftPackageProductDependency section */
	};
	rootObject = EF76AA542596775300BE3621 /* Project object */;
}
